
Microsoft Visual Studio Solution File, Format Version 12.00
# Visual Studio Version 16
VisualStudioVersion = 16.0.31424.327
MinimumVisualStudioVersion = 10.0.40219.1
Project("{FAE04EC0-301F-11D3-BF4B-00C04F79EFBC}") = "Lec_2_Q_10", "Lec_2_Q_10\Lec_2_Q_10.csproj", "{F33A4EA9-8EF5-4A0E-AB4B-D5A545EF5A17}"
EndProject
Global
	GlobalSection(SolutionConfigurationPlatforms) = preSolution
		Debug|Any CPU = Debug|Any CPU
		Release|Any CPU = Release|Any CPU
	EndGlobalSection
	GlobalSection(ProjectConfigurationPlatforms) = postSolution
		{F33A4EA9-8EF5-4A0E-AB4B-D5A545EF5A17}.Debug|Any CPU.ActiveCfg = Debug|Any CPU
		{F33A4EA9-8EF5-4A0E-AB4B-D5A545EF5A17}.Debug|Any CPU.Build.0 = Debug|Any CPU
		{F33A4EA9-8EF5-4A0E-AB4B-D5A545EF5A17}.Release|Any CPU.ActiveCfg = Release|Any CPU
		{F33A4EA9-8EF5-4A0E-AB4B-D5A545EF5A17}.Release|Any CPU.Build.0 = Release|Any CPU
	EndGlobalSection
	GlobalSection(SolutionProperties) = preSolution
		HideSolutionNode = FALSE
	EndGlobalSection
	GlobalSection(ExtensibilityGlobals) = postSolution
		SolutionGuid = {74FF10F7-214C-404C-93CC-0919B5D53769}
	EndGlobalSection
EndGlobal
