
Microsoft Visual Studio Solution File, Format Version 12.00
# Visual Studio Version 17
VisualStudioVersion = 17.6.33815.320
MinimumVisualStudioVersion = 10.0.40219.1
Project("{FAE04EC0-301F-11D3-BF4B-00C04F79EFBC}") = "Lec_6_Q_24", "Lec_6_Q_24\Lec_6_Q_24.csproj", "{5FD82D05-04E4-4144-AB28-C4CAD8DDE95C}"
EndProject
Global
	GlobalSection(SolutionConfigurationPlatforms) = preSolution
		Debug|Any CPU = Debug|Any CPU
		Release|Any CPU = Release|Any CPU
	EndGlobalSection
	GlobalSection(ProjectConfigurationPlatforms) = postSolution
		{5FD82D05-04E4-4144-AB28-C4CAD8DDE95C}.Debug|Any CPU.ActiveCfg = Debug|Any CPU
		{5FD82D05-04E4-4144-AB28-C4CAD8DDE95C}.Debug|Any CPU.Build.0 = Debug|Any CPU
		{5FD82D05-04E4-4144-AB28-C4CAD8DDE95C}.Release|Any CPU.ActiveCfg = Release|Any CPU
		{5FD82D05-04E4-4144-AB28-C4CAD8DDE95C}.Release|Any CPU.Build.0 = Release|Any CPU
	EndGlobalSection
	GlobalSection(SolutionProperties) = preSolution
		HideSolutionNode = FALSE
	EndGlobalSection
	GlobalSection(ExtensibilityGlobals) = postSolution
		SolutionGuid = {0FC875E3-6B24-4EA6-867F-0620750032DE}
	EndGlobalSection
EndGlobal
