
Microsoft Visual Studio Solution File, Format Version 12.00
# Visual Studio Version 17
VisualStudioVersion = 17.6.33815.320
MinimumVisualStudioVersion = 10.0.40219.1
Project("{FAE04EC0-301F-11D3-BF4B-00C04F79EFBC}") = "justNow3", "justNow3\justNow3.csproj", "{2409E4D5-7FDB-4C62-A870-660C081BCF11}"
EndProject
Global
	GlobalSection(SolutionConfigurationPlatforms) = preSolution
		Debug|Any CPU = Debug|Any CPU
		Release|Any CPU = Release|Any CPU
	EndGlobalSection
	GlobalSection(ProjectConfigurationPlatforms) = postSolution
		{2409E4D5-7FDB-4C62-A870-660C081BCF11}.Debug|Any CPU.ActiveCfg = Debug|Any CPU
		{2409E4D5-7FDB-4C62-A870-660C081BCF11}.Debug|Any CPU.Build.0 = Debug|Any CPU
		{2409E4D5-7FDB-4C62-A870-660C081BCF11}.Release|Any CPU.ActiveCfg = Release|Any CPU
		{2409E4D5-7FDB-4C62-A870-660C081BCF11}.Release|Any CPU.Build.0 = Release|Any CPU
	EndGlobalSection
	GlobalSection(SolutionProperties) = preSolution
		HideSolutionNode = FALSE
	EndGlobalSection
	GlobalSection(ExtensibilityGlobals) = postSolution
		SolutionGuid = {946622A4-2DF9-4CC3-8BA9-99C46764776F}
	EndGlobalSection
EndGlobal
