
Microsoft Visual Studio Solution File, Format Version 12.00
# Visual Studio Version 17
VisualStudioVersion = 17.6.33815.320
MinimumVisualStudioVersion = 10.0.40219.1
Project("{FAE04EC0-301F-11D3-BF4B-00C04F79EFBC}") = "Lec_7_Q_28", "Lec_7_Q_28\Lec_7_Q_28.csproj", "{7C79442B-F74E-437A-A060-02EA4D2D8BD1}"
EndProject
Global
	GlobalSection(SolutionConfigurationPlatforms) = preSolution
		Debug|Any CPU = Debug|Any CPU
		Release|Any CPU = Release|Any CPU
	EndGlobalSection
	GlobalSection(ProjectConfigurationPlatforms) = postSolution
		{7C79442B-F74E-437A-A060-02EA4D2D8BD1}.Debug|Any CPU.ActiveCfg = Debug|Any CPU
		{7C79442B-F74E-437A-A060-02EA4D2D8BD1}.Debug|Any CPU.Build.0 = Debug|Any CPU
		{7C79442B-F74E-437A-A060-02EA4D2D8BD1}.Release|Any CPU.ActiveCfg = Release|Any CPU
		{7C79442B-F74E-437A-A060-02EA4D2D8BD1}.Release|Any CPU.Build.0 = Release|Any CPU
	EndGlobalSection
	GlobalSection(SolutionProperties) = preSolution
		HideSolutionNode = FALSE
	EndGlobalSection
	GlobalSection(ExtensibilityGlobals) = postSolution
		SolutionGuid = {BD3510DA-AE30-4AA2-9C97-DFA049E51160}
	EndGlobalSection
EndGlobal
